
Microsoft Visual Studio Solution File, Format Version 12.00
# Visual Studio Version 17
VisualStudioVersion = 17.7.34024.191
MinimumVisualStudioVersion = 10.0.40219.1
Project("{9A19103F-16F7-4668-BE54-9A1E7A4F7556}") = "RazorGraphicLibrary", "RazorGraphicLibrary.csproj", "{F3F7EE9B-96E0-48C1-B559-1450DB07CB6F}"
EndProject
Project("{FAE04EC0-301F-11D3-BF4B-00C04F79EFBC}") = "TestGraphic", "..\zz - ScriptDiProva\TestGraphic\TestGraphic.csproj", "{5D91FF28-B6BA-4BE9-B514-EE4CA0411FF3}"
EndProject
Global
	GlobalSection(SolutionConfigurationPlatforms) = preSolution
		Debug|Any CPU = Debug|Any CPU
		Release|Any CPU = Release|Any CPU
	EndGlobalSection
	GlobalSection(ProjectConfigurationPlatforms) = postSolution
		{F3F7EE9B-96E0-48C1-B559-1450DB07CB6F}.Debug|Any CPU.ActiveCfg = Debug|Any CPU
		{F3F7EE9B-96E0-48C1-B559-1450DB07CB6F}.Debug|Any CPU.Build.0 = Debug|Any CPU
		{F3F7EE9B-96E0-48C1-B559-1450DB07CB6F}.Release|Any CPU.ActiveCfg = Release|Any CPU
		{F3F7EE9B-96E0-48C1-B559-1450DB07CB6F}.Release|Any CPU.Build.0 = Release|Any CPU
		{5D91FF28-B6BA-4BE9-B514-EE4CA0411FF3}.Debug|Any CPU.ActiveCfg = Debug|Any CPU
		{5D91FF28-B6BA-4BE9-B514-EE4CA0411FF3}.Debug|Any CPU.Build.0 = Debug|Any CPU
		{5D91FF28-B6BA-4BE9-B514-EE4CA0411FF3}.Release|Any CPU.ActiveCfg = Release|Any CPU
		{5D91FF28-B6BA-4BE9-B514-EE4CA0411FF3}.Release|Any CPU.Build.0 = Release|Any CPU
	EndGlobalSection
	GlobalSection(SolutionProperties) = preSolution
		HideSolutionNode = FALSE
	EndGlobalSection
	GlobalSection(ExtensibilityGlobals) = postSolution
		SolutionGuid = {95529FA6-C3C7-4309-AC65-5522363207EC}
	EndGlobalSection
EndGlobal
